// !$*UTF8*$!
{
	archiveVersion = 1;
	classes = {
	};
	objectVersion = 51;
	objects = {

/* Begin PBXBuildFile section */
		3EB3B04026015FEC00BD9A82 /* AppDelegate.swift in Sources */ = {isa = PBXBuildFile; fileRef = 3EB3B03F26015FEC00BD9A82 /* AppDelegate.swift */; };
		3EB3B04226015FEC00BD9A82 /* SceneDelegate.swift in Sources */ = {isa = PBXBuildFile; fileRef = 3EB3B04126015FEC00BD9A82 /* SceneDelegate.swift */; };
		3EB3B04726015FEC00BD9A82 /* Main.storyboard in Resources */ = {isa = PBXBuildFile; fileRef = 3EB3B04526015FEC00BD9A82 /* Main.storyboard */; };
		3EB3B04926015FF000BD9A82 /* Assets.xcassets in Resources */ = {isa = PBXBuildFile; fileRef = 3EB3B04826015FF000BD9A82 /* Assets.xcassets */; };
		3EB3B04C26015FF000BD9A82 /* LaunchScreen.storyboard in Resources */ = {isa = PBXBuildFile; fileRef = 3EB3B04A26015FF000BD9A82 /* LaunchScreen.storyboard */; };
		3EB3B05726015FF000BD9A82 /* ParstagramTests.swift in Sources */ = {isa = PBXBuildFile; fileRef = 3EB3B05626015FF000BD9A82 /* ParstagramTests.swift */; };
		3EB3B06226015FF000BD9A82 /* ParstagramUITests.swift in Sources */ = {isa = PBXBuildFile; fileRef = 3EB3B06126015FF000BD9A82 /* ParstagramUITests.swift */; };
		3EB3B0822601B73C00BD9A82 /* LoginViewController.swift in Sources */ = {isa = PBXBuildFile; fileRef = 3EB3B0812601B73C00BD9A82 /* LoginViewController.swift */; };
		3EB3B0872601B75900BD9A82 /* FeedViewController.swift in Sources */ = {isa = PBXBuildFile; fileRef = 3EB3B0862601B75900BD9A82 /* FeedViewController.swift */; };
		8E5ED10E2FBB1B9B963CF956 /* Pods_ParstagramTests.framework in Frameworks */ = {isa = PBXBuildFile; fileRef = F61F8E872436917973526FDB /* Pods_ParstagramTests.framework */; };
		D4B190B20735E6A1C867462F /* Pods_Parstagram_ParstagramUITests.framework in Frameworks */ = {isa = PBXBuildFile; fileRef = D54C645487C260F6D417EC36 /* Pods_Parstagram_ParstagramUITests.framework */; };
		F68D5EB00FD5EDCC3F79A8FF /* Pods_Parstagram.framework in Frameworks */ = {isa = PBXBuildFile; fileRef = 3EBED31AD64A410323C5EAD1 /* Pods_Parstagram.framework */; };
/* End PBXBuildFile section */

/* Begin PBXContainerItemProxy section */
		3EB3B05326015FF000BD9A82 /* PBXContainerItemProxy */ = {
			isa = PBXContainerItemProxy;
			containerPortal = 3EB3B03426015FEC00BD9A82 /* Project object */;
			proxyType = 1;
			remoteGlobalIDString = 3EB3B03B26015FEC00BD9A82;
			remoteInfo = Parstagram;
		};
		3EB3B05E26015FF000BD9A82 /* PBXContainerItemProxy */ = {
			isa = PBXContainerItemProxy;
			containerPortal = 3EB3B03426015FEC00BD9A82 /* Project object */;
			proxyType = 1;
			remoteGlobalIDString = 3EB3B03B26015FEC00BD9A82;
			remoteInfo = Parstagram;
		};
/* End PBXContainerItemProxy section */

/* Begin PBXFileReference section */
		0F2CA53EBF3EE9A8CB0E8D06 /* Pods-ParstagramTests.release.xcconfig */ = {isa = PBXFileReference; includeInIndex = 1; lastKnownFileType = text.xcconfig; name = "Pods-ParstagramTests.release.xcconfig"; path = "Target Support Files/Pods-ParstagramTests/Pods-ParstagramTests.release.xcconfig"; sourceTree = "<group>"; };
		1C1377D721BEBC8713848116 /* Pods-Parstagram.debug.xcconfig */ = {isa = PBXFileReference; includeInIndex = 1; lastKnownFileType = text.xcconfig; name = "Pods-Parstagram.debug.xcconfig"; path = "Target Support Files/Pods-Parstagram/Pods-Parstagram.debug.xcconfig"; sourceTree = "<group>"; };
		32EEDCFAE553F6AFFF8B3349 /* Pods-Parstagram-ParstagramUITests.release.xcconfig */ = {isa = PBXFileReference; includeInIndex = 1; lastKnownFileType = text.xcconfig; name = "Pods-Parstagram-ParstagramUITests.release.xcconfig"; path = "Target Support Files/Pods-Parstagram-ParstagramUITests/Pods-Parstagram-ParstagramUITests.release.xcconfig"; sourceTree = "<group>"; };
		3EB3B03C26015FEC00BD9A82 /* Parstagram.app */ = {isa = PBXFileReference; explicitFileType = wrapper.application; includeInIndex = 0; path = Parstagram.app; sourceTree = BUILT_PRODUCTS_DIR; };
		3EB3B03F26015FEC00BD9A82 /* AppDelegate.swift */ = {isa = PBXFileReference; lastKnownFileType = sourcecode.swift; path = AppDelegate.swift; sourceTree = "<group>"; };
		3EB3B04126015FEC00BD9A82 /* SceneDelegate.swift */ = {isa = PBXFileReference; lastKnownFileType = sourcecode.swift; path = SceneDelegate.swift; sourceTree = "<group>"; };
		3EB3B04626015FEC00BD9A82 /* Base */ = {isa = PBXFileReference; lastKnownFileType = file.storyboard; name = Base; path = Base.lproj/Main.storyboard; sourceTree = "<group>"; };
		3EB3B04826015FF000BD9A82 /* Assets.xcassets */ = {isa = PBXFileReference; lastKnownFileType = folder.assetcatalog; path = Assets.xcassets; sourceTree = "<group>"; };
		3EB3B04B26015FF000BD9A82 /* Base */ = {isa = PBXFileReference; lastKnownFileType = file.storyboard; name = Base; path = Base.lproj/LaunchScreen.storyboard; sourceTree = "<group>"; };
		3EB3B04D26015FF000BD9A82 /* Info.plist */ = {isa = PBXFileReference; lastKnownFileType = text.plist.xml; path = Info.plist; sourceTree = "<group>"; };
		3EB3B05226015FF000BD9A82 /* ParstagramTests.xctest */ = {isa = PBXFileReference; explicitFileType = wrapper.cfbundle; includeInIndex = 0; path = ParstagramTests.xctest; sourceTree = BUILT_PRODUCTS_DIR; };
		3EB3B05626015FF000BD9A82 /* ParstagramTests.swift */ = {isa = PBXFileReference; lastKnownFileType = sourcecode.swift; path = ParstagramTests.swift; sourceTree = "<group>"; };
		3EB3B05826015FF000BD9A82 /* Info.plist */ = {isa = PBXFileReference; lastKnownFileType = text.plist.xml; path = Info.plist; sourceTree = "<group>"; };
		3EB3B05D26015FF000BD9A82 /* ParstagramUITests.xctest */ = {isa = PBXFileReference; explicitFileType = wrapper.cfbundle; includeInIndex = 0; path = ParstagramUITests.xctest; sourceTree = BUILT_PRODUCTS_DIR; };
		3EB3B06126015FF000BD9A82 /* ParstagramUITests.swift */ = {isa = PBXFileReference; lastKnownFileType = sourcecode.swift; path = ParstagramUITests.swift; sourceTree = "<group>"; };
		3EB3B06326015FF000BD9A82 /* Info.plist */ = {isa = PBXFileReference; lastKnownFileType = text.plist.xml; path = Info.plist; sourceTree = "<group>"; };
		3EB3B0812601B73C00BD9A82 /* LoginViewController.swift */ = {isa = PBXFileReference; lastKnownFileType = sourcecode.swift; path = LoginViewController.swift; sourceTree = "<group>"; };
		3EB3B0862601B75900BD9A82 /* FeedViewController.swift */ = {isa = PBXFileReference; lastKnownFileType = sourcecode.swift; path = FeedViewController.swift; sourceTree = "<group>"; };
		3EBE17B9FF9A3750FCABC04D /* Pods-Parstagram.release.xcconfig */ = {isa = PBXFileReference; includeInIndex = 1; lastKnownFileType = text.xcconfig; name = "Pods-Parstagram.release.xcconfig"; path = "Target Support Files/Pods-Parstagram/Pods-Parstagram.release.xcconfig"; sourceTree = "<group>"; };
		3EBED31AD64A410323C5EAD1 /* Pods_Parstagram.framework */ = {isa = PBXFileReference; explicitFileType = wrapper.framework; includeInIndex = 0; path = Pods_Parstagram.framework; sourceTree = BUILT_PRODUCTS_DIR; };
		66BA63AF1B0215F5A2E4B33E /* Pods-Parstagram-ParstagramUITests.debug.xcconfig */ = {isa = PBXFileReference; includeInIndex = 1; lastKnownFileType = text.xcconfig; name = "Pods-Parstagram-ParstagramUITests.debug.xcconfig"; path = "Target Support Files/Pods-Parstagram-ParstagramUITests/Pods-Parstagram-ParstagramUITests.debug.xcconfig"; sourceTree = "<group>"; };
		B5B495EEA5C9E657BEED3833 /* Pods-ParstagramTests.debug.xcconfig */ = {isa = PBXFileReference; includeInIndex = 1; lastKnownFileType = text.xcconfig; name = "Pods-ParstagramTests.debug.xcconfig"; path = "Target Support Files/Pods-ParstagramTests/Pods-ParstagramTests.debug.xcconfig"; sourceTree = "<group>"; };
		D54C645487C260F6D417EC36 /* Pods_Parstagram_ParstagramUITests.framework */ = {isa = PBXFileReference; explicitFileType = wrapper.framework; includeInIndex = 0; path = Pods_Parstagram_ParstagramUITests.framework; sourceTree = BUILT_PRODUCTS_DIR; };
		F61F8E872436917973526FDB /* Pods_ParstagramTests.framework */ = {isa = PBXFileReference; explicitFileType = wrapper.framework; includeInIndex = 0; path = Pods_ParstagramTests.framework; sourceTree = BUILT_PRODUCTS_DIR; };
/* End PBXFileReference section */

/* Begin PBXFrameworksBuildPhase section */
		3EB3B03926015FEC00BD9A82 /* Frameworks */ = {
			isa = PBXFrameworksBuildPhase;
			buildActionMask = 2147483647;
			files = (
				F68D5EB00FD5EDCC3F79A8FF /* Pods_Parstagram.framework in Frameworks */,
			);
			runOnlyForDeploymentPostprocessing = 0;
		};
		3EB3B04F26015FF000BD9A82 /* Frameworks */ = {
			isa = PBXFrameworksBuildPhase;
			buildActionMask = 2147483647;
			files = (
				8E5ED10E2FBB1B9B963CF956 /* Pods_ParstagramTests.framework in Frameworks */,
			);
			runOnlyForDeploymentPostprocessing = 0;
		};
		3EB3B05A26015FF000BD9A82 /* Frameworks */ = {
			isa = PBXFrameworksBuildPhase;
			buildActionMask = 2147483647;
			files = (
				D4B190B20735E6A1C867462F /* Pods_Parstagram_ParstagramUITests.framework in Frameworks */,
			);
			runOnlyForDeploymentPostprocessing = 0;
		};
/* End PBXFrameworksBuildPhase section */

/* Begin PBXGroup section */
		37744FB19BE4908CAA07B412 /* Frameworks */ = {
			isa = PBXGroup;
			children = (
				3EBED31AD64A410323C5EAD1 /* Pods_Parstagram.framework */,
				D54C645487C260F6D417EC36 /* Pods_Parstagram_ParstagramUITests.framework */,
				F61F8E872436917973526FDB /* Pods_ParstagramTests.framework */,
			);
			name = Frameworks;
			sourceTree = "<group>";
		};
		3EB3B03326015FEC00BD9A82 = {
			isa = PBXGroup;
			children = (
				3EB3B03E26015FEC00BD9A82 /* Parstagram */,
				3EB3B05526015FF000BD9A82 /* ParstagramTests */,
				3EB3B06026015FF000BD9A82 /* ParstagramUITests */,
				3EB3B03D26015FEC00BD9A82 /* Products */,
				E583E838935757E20002D69E /* Pods */,
				37744FB19BE4908CAA07B412 /* Frameworks */,
			);
			sourceTree = "<group>";
		};
		3EB3B03D26015FEC00BD9A82 /* Products */ = {
			isa = PBXGroup;
			children = (
				3EB3B03C26015FEC00BD9A82 /* Parstagram.app */,
				3EB3B05226015FF000BD9A82 /* ParstagramTests.xctest */,
				3EB3B05D26015FF000BD9A82 /* ParstagramUITests.xctest */,
			);
			name = Products;
			sourceTree = "<group>";
		};
		3EB3B03E26015FEC00BD9A82 /* Parstagram */ = {
			isa = PBXGroup;
			children = (
				3EB3B03F26015FEC00BD9A82 /* AppDelegate.swift */,
				3EB3B04126015FEC00BD9A82 /* SceneDelegate.swift */,
				3EB3B04526015FEC00BD9A82 /* Main.storyboard */,
				3EB3B04826015FF000BD9A82 /* Assets.xcassets */,
				3EB3B04A26015FF000BD9A82 /* LaunchScreen.storyboard */,
				3EB3B04D26015FF000BD9A82 /* Info.plist */,
				3EB3B0812601B73C00BD9A82 /* LoginViewController.swift */,
				3EB3B0862601B75900BD9A82 /* FeedViewController.swift */,
			);
			path = Parstagram;
			sourceTree = "<group>";
		};
		3EB3B05526015FF000BD9A82 /* ParstagramTests */ = {
			isa = PBXGroup;
			children = (
				3EB3B05626015FF000BD9A82 /* ParstagramTests.swift */,
				3EB3B05826015FF000BD9A82 /* Info.plist */,
			);
			path = ParstagramTests;
			sourceTree = "<group>";
		};
		3EB3B06026015FF000BD9A82 /* ParstagramUITests */ = {
			isa = PBXGroup;
			children = (
				3EB3B06126015FF000BD9A82 /* ParstagramUITests.swift */,
				3EB3B06326015FF000BD9A82 /* Info.plist */,
			);
			path = ParstagramUITests;
			sourceTree = "<group>";
		};
		E583E838935757E20002D69E /* Pods */ = {
			isa = PBXGroup;
			children = (
				1C1377D721BEBC8713848116 /* Pods-Parstagram.debug.xcconfig */,
				3EBE17B9FF9A3750FCABC04D /* Pods-Parstagram.release.xcconfig */,
				66BA63AF1B0215F5A2E4B33E /* Pods-Parstagram-ParstagramUITests.debug.xcconfig */,
				32EEDCFAE553F6AFFF8B3349 /* Pods-Parstagram-ParstagramUITests.release.xcconfig */,
				B5B495EEA5C9E657BEED3833 /* Pods-ParstagramTests.debug.xcconfig */,
				0F2CA53EBF3EE9A8CB0E8D06 /* Pods-ParstagramTests.release.xcconfig */,
			);
			path = Pods;
			sourceTree = "<group>";
		};
/* End PBXGroup section */

/* Begin PBXNativeTarget section */
		3EB3B03B26015FEC00BD9A82 /* Parstagram */ = {
			isa = PBXNativeTarget;
			buildConfigurationList = 3EB3B06626015FF000BD9A82 /* Build configuration list for PBXNativeTarget "Parstagram" */;
			buildPhases = (
				52CD698A21C4F7CF50000E04 /* [CP] Check Pods Manifest.lock */,
				3EB3B03826015FEC00BD9A82 /* Sources */,
				3EB3B03926015FEC00BD9A82 /* Frameworks */,
				3EB3B03A26015FEC00BD9A82 /* Resources */,
				8351CE0F449E394166505A3A /* [CP] Embed Pods Frameworks */,
			);
			buildRules = (
			);
			dependencies = (
			);
			name = Parstagram;
			productName = Parstagram;
			productReference = 3EB3B03C26015FEC00BD9A82 /* Parstagram.app */;
			productType = "com.apple.product-type.application";
		};
		3EB3B05126015FF000BD9A82 /* ParstagramTests */ = {
			isa = PBXNativeTarget;
			buildConfigurationList = 3EB3B06926015FF000BD9A82 /* Build configuration list for PBXNativeTarget "ParstagramTests" */;
			buildPhases = (
				E0F1544DED5D93F06F0D4C33 /* [CP] Check Pods Manifest.lock */,
				3EB3B04E26015FF000BD9A82 /* Sources */,
				3EB3B04F26015FF000BD9A82 /* Frameworks */,
				3EB3B05026015FF000BD9A82 /* Resources */,
			);
			buildRules = (
			);
			dependencies = (
				3EB3B05426015FF000BD9A82 /* PBXTargetDependency */,
			);
			name = ParstagramTests;
			productName = ParstagramTests;
			productReference = 3EB3B05226015FF000BD9A82 /* ParstagramTests.xctest */;
			productType = "com.apple.product-type.bundle.unit-test";
		};
		3EB3B05C26015FF000BD9A82 /* ParstagramUITests */ = {
			isa = PBXNativeTarget;
			buildConfigurationList = 3EB3B06C26015FF000BD9A82 /* Build configuration list for PBXNativeTarget "ParstagramUITests" */;
			buildPhases = (
				146ADC62628820486BA87604 /* [CP] Check Pods Manifest.lock */,
				3EB3B05926015FF000BD9A82 /* Sources */,
				3EB3B05A26015FF000BD9A82 /* Frameworks */,
				3EB3B05B26015FF000BD9A82 /* Resources */,
				6A18220D3173B95BA7741CE8 /* [CP] Embed Pods Frameworks */,
			);
			buildRules = (
			);
			dependencies = (
				3EB3B05F26015FF000BD9A82 /* PBXTargetDependency */,
			);
			name = ParstagramUITests;
			productName = ParstagramUITests;
			productReference = 3EB3B05D26015FF000BD9A82 /* ParstagramUITests.xctest */;
			productType = "com.apple.product-type.bundle.ui-testing";
		};
/* End PBXNativeTarget section */

/* Begin PBXProject section */
		3EB3B03426015FEC00BD9A82 /* Project object */ = {
			isa = PBXProject;
			attributes = {
				LastSwiftUpdateCheck = 1240;
				LastUpgradeCheck = 1240;
				TargetAttributes = {
					3EB3B03B26015FEC00BD9A82 = {
						CreatedOnToolsVersion = 12.4;
					};
					3EB3B05126015FF000BD9A82 = {
						CreatedOnToolsVersion = 12.4;
						TestTargetID = 3EB3B03B26015FEC00BD9A82;
					};
					3EB3B05C26015FF000BD9A82 = {
						CreatedOnToolsVersion = 12.4;
						TestTargetID = 3EB3B03B26015FEC00BD9A82;
					};
				};
			};
			buildConfigurationList = 3EB3B03726015FEC00BD9A82 /* Build configuration list for PBXProject "Parstagram" */;
			compatibilityVersion = "Xcode 9.3";
			developmentRegion = en;
			hasScannedForEncodings = 0;
			knownRegions = (
				en,
				Base,
			);
			mainGroup = 3EB3B03326015FEC00BD9A82;
			productRefGroup = 3EB3B03D26015FEC00BD9A82 /* Products */;
			projectDirPath = "";
			projectRoot = "";
			targets = (
				3EB3B03B26015FEC00BD9A82 /* Parstagram */,
				3EB3B05126015FF000BD9A82 /* ParstagramTests */,
				3EB3B05C26015FF000BD9A82 /* ParstagramUITests */,
			);
		};
/* End PBXProject section */

/* Begin PBXResourcesBuildPhase section */
		3EB3B03A26015FEC00BD9A82 /* Resources */ = {
			isa = PBXResourcesBuildPhase;
			buildActionMask = 2147483647;
			files = (
				3EB3B04C26015FF000BD9A82 /* LaunchScreen.storyboard in Resources */,
				3EB3B04926015FF000BD9A82 /* Assets.xcassets in Resources */,
				3EB3B04726015FEC00BD9A82 /* Main.storyboard in Resources */,
			);
			runOnlyForDeploymentPostprocessing = 0;
		};
		3EB3B05026015FF000BD9A82 /* Resources */ = {
			isa = PBXResourcesBuildPhase;
			buildActionMask = 2147483647;
			files = (
			);
			runOnlyForDeploymentPostprocessing = 0;
		};
		3EB3B05B26015FF000BD9A82 /* Resources */ = {
			isa = PBXResourcesBuildPhase;
			buildActionMask = 2147483647;
			files = (
			);
			runOnlyForDeploymentPostprocessing = 0;
		};
/* End PBXResourcesBuildPhase section */

/* Begin PBXShellScriptBuildPhase section */
		146ADC62628820486BA87604 /* [CP] Check Pods Manifest.lock */ = {
			isa = PBXShellScriptBuildPhase;
			buildActionMask = 2147483647;
			files = (
			);
			inputFileListPaths = (
			);
			inputPaths = (
				"${PODS_PODFILE_DIR_PATH}/Podfile.lock",
				"${PODS_ROOT}/Manifest.lock",
			);
			name = "[CP] Check Pods Manifest.lock";
			outputFileListPaths = (
			);
			outputPaths = (
				"$(DERIVED_FILE_DIR)/Pods-Parstagram-ParstagramUITests-checkManifestLockResult.txt",
			);
			runOnlyForDeploymentPostprocessing = 0;
			shellPath = /bin/sh;
			shellScript = "diff \"${PODS_PODFILE_DIR_PATH}/Podfile.lock\" \"${PODS_ROOT}/Manifest.lock\" > /dev/null\nif [ $? != 0 ] ; then\n    # print error to STDERR\n    echo \"error: The sandbox is not in sync with the Podfile.lock. Run 'pod install' or update your CocoaPods installation.\" >&2\n    exit 1\nfi\n# This output is used by Xcode 'outputs' to avoid re-running this script phase.\necho \"SUCCESS\" > \"${SCRIPT_OUTPUT_FILE_0}\"\n";
			showEnvVarsInLog = 0;
		};
		52CD698A21C4F7CF50000E04 /* [CP] Check Pods Manifest.lock */ = {
			isa = PBXShellScriptBuildPhase;
			buildActionMask = 2147483647;
			files = (
			);
			inputFileListPaths = (
			);
			inputPaths = (
				"${PODS_PODFILE_DIR_PATH}/Podfile.lock",
				"${PODS_ROOT}/Manifest.lock",
			);
			name = "[CP] Check Pods Manifest.lock";
			outputFileListPaths = (
			);
			outputPaths = (
				"$(DERIVED_FILE_DIR)/Pods-Parstagram-checkManifestLockResult.txt",
			);
			runOnlyForDeploymentPostprocessing = 0;
			shellPath = /bin/sh;
			shellScript = "diff \"${PODS_PODFILE_DIR_PATH}/Podfile.lock\" \"${PODS_ROOT}/Manifest.lock\" > /dev/null\nif [ $? != 0 ] ; then\n    # print error to STDERR\n    echo \"error: The sandbox is not in sync with the Podfile.lock. Run 'pod install' or update your CocoaPods installation.\" >&2\n    exit 1\nfi\n# This output is used by Xcode 'outputs' to avoid re-running this script phase.\necho \"SUCCESS\" > \"${SCRIPT_OUTPUT_FILE_0}\"\n";
			showEnvVarsInLog = 0;
		};
		6A18220D3173B95BA7741CE8 /* [CP] Embed Pods Frameworks */ = {
			isa = PBXShellScriptBuildPhase;
			buildActionMask = 2147483647;
			files = (
			);
			inputFileListPaths = (
				"${PODS_ROOT}/Target Support Files/Pods-Parstagram-ParstagramUITests/Pods-Parstagram-ParstagramUITests-frameworks-${CONFIGURATION}-input-files.xcfilelist",
			);
			name = "[CP] Embed Pods Frameworks";
			outputFileListPaths = (
				"${PODS_ROOT}/Target Support Files/Pods-Parstagram-ParstagramUITests/Pods-Parstagram-ParstagramUITests-frameworks-${CONFIGURATION}-output-files.xcfilelist",
			);
			runOnlyForDeploymentPostprocessing = 0;
			shellPath = /bin/sh;
			shellScript = "\"${PODS_ROOT}/Target Support Files/Pods-Parstagram-ParstagramUITests/Pods-Parstagram-ParstagramUITests-frameworks.sh\"\n";
			showEnvVarsInLog = 0;
		};
		8351CE0F449E394166505A3A /* [CP] Embed Pods Frameworks */ = {
			isa = PBXShellScriptBuildPhase;
			buildActionMask = 2147483647;
			files = (
			);
			inputFileListPaths = (
				"${PODS_ROOT}/Target Support Files/Pods-Parstagram/Pods-Parstagram-frameworks-${CONFIGURATION}-input-files.xcfilelist",
			);
			name = "[CP] Embed Pods Frameworks";
			outputFileListPaths = (
				"${PODS_ROOT}/Target Support Files/Pods-Parstagram/Pods-Parstagram-frameworks-${CONFIGURATION}-output-files.xcfilelist",
			);
			runOnlyForDeploymentPostprocessing = 0;
			shellPath = /bin/sh;
			shellScript = "\"${PODS_ROOT}/Target Support Files/Pods-Parstagram/Pods-Parstagram-frameworks.sh\"\n";
			showEnvVarsInLog = 0;
		};
		E0F1544DED5D93F06F0D4C33 /* [CP] Check Pods Manifest.lock */ = {
			isa = PBXShellScriptBuildPhase;
			buildActionMask = 2147483647;
			files = (
			);
			inputFileListPaths = (
			);
			inputPaths = (
				"${PODS_PODFILE_DIR_PATH}/Podfile.lock",
				"${PODS_ROOT}/Manifest.lock",
			);
			name = "[CP] Check Pods Manifest.lock";
			outputFileListPaths = (
			);
			outputPaths = (
				"$(DERIVED_FILE_DIR)/Pods-ParstagramTests-checkManifestLockResult.txt",
			);
			runOnlyForDeploymentPostprocessing = 0;
			shellPath = /bin/sh;
			shellScript = "diff \"${PODS_PODFILE_DIR_PATH}/Podfile.lock\" \"${PODS_ROOT}/Manifest.lock\" > /dev/null\nif [ $? != 0 ] ; then\n    # print error to STDERR\n    echo \"error: The sandbox is not in sync with the Podfile.lock. Run 'pod install' or update your CocoaPods installation.\" >&2\n    exit 1\nfi\n# This output is used by Xcode 'outputs' to avoid re-running this script phase.\necho \"SUCCESS\" > \"${SCRIPT_OUTPUT_FILE_0}\"\n";
			showEnvVarsInLog = 0;
		};
/* End PBXShellScriptBuildPhase section */

/* Begin PBXSourcesBuildPhase section */
		3EB3B03826015FEC00BD9A82 /* Sources */ = {
			isa = PBXSourcesBuildPhase;
			buildActionMask = 2147483647;
			files = (
				3EB3B0822601B73C00BD9A82 /* LoginViewController.swift in Sources */,
				3EB3B04026015FEC00BD9A82 /* AppDelegate.swift in Sources */,
				3EB3B0872601B75900BD9A82 /* FeedViewController.swift in Sources */,
				3EB3B04226015FEC00BD9A82 /* SceneDelegate.swift in Sources */,
			);
			runOnlyForDeploymentPostprocessing = 0;
		};
		3EB3B04E26015FF000BD9A82 /* Sources */ = {
			isa = PBXSourcesBuildPhase;
			buildActionMask = 2147483647;
			files = (
				3EB3B05726015FF000BD9A82 /* ParstagramTests.swift in Sources */,
			);
			runOnlyForDeploymentPostprocessing = 0;
		};
		3EB3B05926015FF000BD9A82 /* Sources */ = {
			isa = PBXSourcesBuildPhase;
			buildActionMask = 2147483647;
			files = (
				3EB3B06226015FF000BD9A82 /* ParstagramUITests.swift in Sources */,
			);
			runOnlyForDeploymentPostprocessing = 0;
		};
/* End PBXSourcesBuildPhase section */

/* Begin PBXTargetDependency section */
		3EB3B05426015FF000BD9A82 /* PBXTargetDependency */ = {
			isa = PBXTargetDependency;
			target = 3EB3B03B26015FEC00BD9A82 /* Parstagram */;
			targetProxy = 3EB3B05326015FF000BD9A82 /* PBXContainerItemProxy */;
		};
		3EB3B05F26015FF000BD9A82 /* PBXTargetDependency */ = {
			isa = PBXTargetDependency;
			target = 3EB3B03B26015FEC00BD9A82 /* Parstagram */;
			targetProxy = 3EB3B05E26015FF000BD9A82 /* PBXContainerItemProxy */;
		};
/* End PBXTargetDependency section */

/* Begin PBXVariantGroup section */
		3EB3B04526015FEC00BD9A82 /* Main.storyboard */ = {
			isa = PBXVariantGroup;
			children = (
				3EB3B04626015FEC00BD9A82 /* Base */,
			);
			name = Main.storyboard;
			sourceTree = "<group>";
		};
		3EB3B04A26015FF000BD9A82 /* LaunchScreen.storyboard */ = {
			isa = PBXVariantGroup;
			children = (
				3EB3B04B26015FF000BD9A82 /* Base */,
			);
			name = LaunchScreen.storyboard;
			sourceTree = "<group>";
		};
/* End PBXVariantGroup section */

/* Begin XCBuildConfiguration section */
		3EB3B06426015FF000BD9A82 /* Debug */ = {
			isa = XCBuildConfiguration;
			buildSettings = {
				ALWAYS_SEARCH_USER_PATHS = NO;
				CLANG_ANALYZER_NONNULL = YES;
				CLANG_ANALYZER_NUMBER_OBJECT_CONVERSION = YES_AGGRESSIVE;
				CLANG_CXX_LANGUAGE_STANDARD = "gnu++14";
				CLANG_CXX_LIBRARY = "libc++";
				CLANG_ENABLE_MODULES = YES;
				CLANG_ENABLE_OBJC_ARC = YES;
				CLANG_ENABLE_OBJC_WEAK = YES;
				CLANG_WARN_BLOCK_CAPTURE_AUTORELEASING = YES;
				CLANG_WARN_BOOL_CONVERSION = YES;
				CLANG_WARN_COMMA = YES;
				CLANG_WARN_CONSTANT_CONVERSION = YES;
				CLANG_WARN_DEPRECATED_OBJC_IMPLEMENTATIONS = YES;
				CLANG_WARN_DIRECT_OBJC_ISA_USAGE = YES_ERROR;
				CLANG_WARN_DOCUMENTATION_COMMENTS = YES;
				CLANG_WARN_EMPTY_BODY = YES;
				CLANG_WARN_ENUM_CONVERSION = YES;
				CLANG_WARN_INFINITE_RECURSION = YES;
				CLANG_WARN_INT_CONVERSION = YES;
				CLANG_WARN_NON_LITERAL_NULL_CONVERSION = YES;
				CLANG_WARN_OBJC_IMPLICIT_RETAIN_SELF = YES;
				CLANG_WARN_OBJC_LITERAL_CONVERSION = YES;
				CLANG_WARN_OBJC_ROOT_CLASS = YES_ERROR;
				CLANG_WARN_QUOTED_INCLUDE_IN_FRAMEWORK_HEADER = YES;
				CLANG_WARN_RANGE_LOOP_ANALYSIS = YES;
				CLANG_WARN_STRICT_PROTOTYPES = YES;
				CLANG_WARN_SUSPICIOUS_MOVE = YES;
				CLANG_WARN_UNGUARDED_AVAILABILITY = YES_AGGRESSIVE;
				CLANG_WARN_UNREACHABLE_CODE = YES;
				CLANG_WARN__DUPLICATE_METHOD_MATCH = YES;
				COPY_PHASE_STRIP = NO;
				DEBUG_INFORMATION_FORMAT = dwarf;
				ENABLE_STRICT_OBJC_MSGSEND = YES;
				ENABLE_TESTABILITY = YES;
				GCC_C_LANGUAGE_STANDARD = gnu11;
				GCC_DYNAMIC_NO_PIC = NO;
				GCC_NO_COMMON_BLOCKS = YES;
				GCC_OPTIMIZATION_LEVEL = 0;
				GCC_PREPROCESSOR_DEFINITIONS = (
					"DEBUG=1",
					"$(inherited)",
				);
				GCC_WARN_64_TO_32_BIT_CONVERSION = YES;
				GCC_WARN_ABOUT_RETURN_TYPE = YES_ERROR;
				GCC_WARN_UNDECLARED_SELECTOR = YES;
				GCC_WARN_UNINITIALIZED_AUTOS = YES_AGGRESSIVE;
				GCC_WARN_UNUSED_FUNCTION = YES;
				GCC_WARN_UNUSED_VARIABLE = YES;
				IPHONEOS_DEPLOYMENT_TARGET = 14.4;
				MTL_ENABLE_DEBUG_INFO = INCLUDE_SOURCE;
				MTL_FAST_MATH = YES;
				ONLY_ACTIVE_ARCH = YES;
				SDKROOT = iphoneos;
				SWIFT_ACTIVE_COMPILATION_CONDITIONS = DEBUG;
				SWIFT_OPTIMIZATION_LEVEL = "-Onone";
			};
			name = Debug;
		};
		3EB3B06526015FF000BD9A82 /* Release */ = {
			isa = XCBuildConfiguration;
			buildSettings = {
				ALWAYS_SEARCH_USER_PATHS = NO;
				CLANG_ANALYZER_NONNULL = YES;
				CLANG_ANALYZER_NUMBER_OBJECT_CONVERSION = YES_AGGRESSIVE;
				CLANG_CXX_LANGUAGE_STANDARD = "gnu++14";
				CLANG_CXX_LIBRARY = "libc++";
				CLANG_ENABLE_MODULES = YES;
				CLANG_ENABLE_OBJC_ARC = YES;
				CLANG_ENABLE_OBJC_WEAK = YES;
				CLANG_WARN_BLOCK_CAPTURE_AUTORELEASING = YES;
				CLANG_WARN_BOOL_CONVERSION = YES;
				CLANG_WARN_COMMA = YES;
				CLANG_WARN_CONSTANT_CONVERSION = YES;
				CLANG_WARN_DEPRECATED_OBJC_IMPLEMENTATIONS = YES;
				CLANG_WARN_DIRECT_OBJC_ISA_USAGE = YES_ERROR;
				CLANG_WARN_DOCUMENTATION_COMMENTS = YES;
				CLANG_WARN_EMPTY_BODY = YES;
				CLANG_WARN_ENUM_CONVERSION = YES;
				CLANG_WARN_INFINITE_RECURSION = YES;
				CLANG_WARN_INT_CONVERSION = YES;
				CLANG_WARN_NON_LITERAL_NULL_CONVERSION = YES;
				CLANG_WARN_OBJC_IMPLICIT_RETAIN_SELF = YES;
				CLANG_WARN_OBJC_LITERAL_CONVERSION = YES;
				CLANG_WARN_OBJC_ROOT_CLASS = YES_ERROR;
				CLANG_WARN_QUOTED_INCLUDE_IN_FRAMEWORK_HEADER = YES;
				CLANG_WARN_RANGE_LOOP_ANALYSIS = YES;
				CLANG_WARN_STRICT_PROTOTYPES = YES;
				CLANG_WARN_SUSPICIOUS_MOVE = YES;
				CLANG_WARN_UNGUARDED_AVAILABILITY = YES_AGGRESSIVE;
				CLANG_WARN_UNREACHABLE_CODE = YES;
				CLANG_WARN__DUPLICATE_METHOD_MATCH = YES;
				COPY_PHASE_STRIP = NO;
				DEBUG_INFORMATION_FORMAT = "dwarf-with-dsym";
				ENABLE_NS_ASSERTIONS = NO;
				ENABLE_STRICT_OBJC_MSGSEND = YES;
				GCC_C_LANGUAGE_STANDARD = gnu11;
				GCC_NO_COMMON_BLOCKS = YES;
				GCC_WARN_64_TO_32_BIT_CONVERSION = YES;
				GCC_WARN_ABOUT_RETURN_TYPE = YES_ERROR;
				GCC_WARN_UNDECLARED_SELECTOR = YES;
				GCC_WARN_UNINITIALIZED_AUTOS = YES_AGGRESSIVE;
				GCC_WARN_UNUSED_FUNCTION = YES;
				GCC_WARN_UNUSED_VARIABLE = YES;
				IPHONEOS_DEPLOYMENT_TARGET = 14.4;
				MTL_ENABLE_DEBUG_INFO = NO;
				MTL_FAST_MATH = YES;
				SDKROOT = iphoneos;
				SWIFT_COMPILATION_MODE = wholemodule;
				SWIFT_OPTIMIZATION_LEVEL = "-O";
				VALIDATE_PRODUCT = YES;
			};
			name = Release;
		};
		3EB3B06726015FF000BD9A82 /* Debug */ = {
			isa = XCBuildConfiguration;
			baseConfigurationReference = 1C1377D721BEBC8713848116 /* Pods-Parstagram.debug.xcconfig */;
			buildSettings = {
				ASSETCATALOG_COMPILER_APPICON_NAME = AppIcon;
				ASSETCATALOG_COMPILER_GLOBAL_ACCENT_COLOR_NAME = AccentColor;
				CODE_SIGN_STYLE = Automatic;
				INFOPLIST_FILE = Parstagram/Info.plist;
				LD_RUNPATH_SEARCH_PATHS = (
					"$(inherited)",
					"@executable_path/Frameworks",
				);
				PRODUCT_BUNDLE_IDENTIFIER = memo.com.Parstagram;
				PRODUCT_NAME = "$(TARGET_NAME)";
				SWIFT_VERSION = 5.0;
				TARGETED_DEVICE_FAMILY = "1,2";
			};
			name = Debug;
		};
		3EB3B06826015FF000BD9A82 /* Release */ = {
			isa = XCBuildConfiguration;
			baseConfigurationReference = 3EBE17B9FF9A3750FCABC04D /* Pods-Parstagram.release.xcconfig */;
			buildSettings = {
				ASSETCATALOG_COMPILER_APPICON_NAME = AppIcon;
				ASSETCATALOG_COMPILER_GLOBAL_ACCENT_COLOR_NAME = AccentColor;
				CODE_SIGN_STYLE = Automatic;
				INFOPLIST_FILE = Parstagram/Info.plist;
				LD_RUNPATH_SEARCH_PATHS = (
					"$(inherited)",
					"@executable_path/Frameworks",
				);
				PRODUCT_BUNDLE_IDENTIFIER = memo.com.Parstagram;
				PRODUCT_NAME = "$(TARGET_NAME)";
				SWIFT_VERSION = 5.0;
				TARGETED_DEVICE_FAMILY = "1,2";
			};
			name = Release;
		};
		3EB3B06A26015FF000BD9A82 /* Debug */ = {
			isa = XCBuildConfiguration;
			baseConfigurationReference = B5B495EEA5C9E657BEED3833 /* Pods-ParstagramTests.debug.xcconfig */;
			buildSettings = {
				ALWAYS_EMBED_SWIFT_STANDARD_LIBRARIES = YES;
				BUNDLE_LOADER = "$(TEST_HOST)";
				CODE_SIGN_STYLE = Automatic;
				INFOPLIST_FILE = ParstagramTests/Info.plist;
				IPHONEOS_DEPLOYMENT_TARGET = 14.4;
				LD_RUNPATH_SEARCH_PATHS = (
					"$(inherited)",
					"@executable_path/Frameworks",
					"@loader_path/Frameworks",
				);
				PRODUCT_BUNDLE_IDENTIFIER = memo.com.ParstagramTests;
				PRODUCT_NAME = "$(TARGET_NAME)";
				SWIFT_VERSION = 5.0;
				TARGETED_DEVICE_FAMILY = "1,2";
				TEST_HOST = "$(BUILT_PRODUCTS_DIR)/Parstagram.app/Parstagram";
			};
			name = Debug;
		};
		3EB3B06B26015FF000BD9A82 /* Release */ = {
			isa = XCBuildConfiguration;
			baseConfigurationReference = 0F2CA53EBF3EE9A8CB0E8D06 /* Pods-ParstagramTests.release.xcconfig */;
			buildSettings = {
				ALWAYS_EMBED_SWIFT_STANDARD_LIBRARIES = YES;
				BUNDLE_LOADER = "$(TEST_HOST)";
				CODE_SIGN_STYLE = Automatic;
				INFOPLIST_FILE = ParstagramTests/Info.plist;
				IPHONEOS_DEPLOYMENT_TARGET = 14.4;
				LD_RUNPATH_SEARCH_PATHS = (
					"$(inherited)",
					"@executable_path/Frameworks",
					"@loader_path/Frameworks",
				);
				PRODUCT_BUNDLE_IDENTIFIER = memo.com.ParstagramTests;
				PRODUCT_NAME = "$(TARGET_NAME)";
				SWIFT_VERSION = 5.0;
				TARGETED_DEVICE_FAMILY = "1,2";
				TEST_HOST = "$(BUILT_PRODUCTS_DIR)/Parstagram.app/Parstagram";
			};
			name = Release;
		};
		3EB3B06D26015FF000BD9A82 /* Debug */ = {
			isa = XCBuildConfiguration;
			baseConfigurationReference = 66BA63AF1B0215F5A2E4B33E /* Pods-Parstagram-ParstagramUITests.debug.xcconfig */;
			buildSettings = {
				ALWAYS_EMBED_SWIFT_STANDARD_LIBRARIES = YES;
				CODE_SIGN_STYLE = Automatic;
				INFOPLIST_FILE = ParstagramUITests/Info.plist;
				LD_RUNPATH_SEARCH_PATHS = (
					"$(inherited)",
					"@executable_path/Frameworks",
					"@loader_path/Frameworks",
				);
				PRODUCT_BUNDLE_IDENTIFIER = memo.com.ParstagramUITests;
				PRODUCT_NAME = "$(TARGET_NAME)";
				SWIFT_VERSION = 5.0;
				TARGETED_DEVICE_FAMILY = "1,2";
				TEST_TARGET_NAME = Parstagram;
			};
			name = Debug;
		};
		3EB3B06E26015FF000BD9A82 /* Release */ = {
			isa = XCBuildConfiguration;
			baseConfigurationReference = 32EEDCFAE553F6AFFF8B3349 /* Pods-Parstagram-ParstagramUITests.release.xcconfig */;
			buildSettings = {
				ALWAYS_EMBED_SWIFT_STANDARD_LIBRARIES = YES;
				CODE_SIGN_STYLE = Automatic;
				INFOPLIST_FILE = ParstagramUITests/Info.plist;
				LD_RUNPATH_SEARCH_PATHS = (
					"$(inherited)",
					"@executable_path/Frameworks",
					"@loader_path/Frameworks",
				);
				PRODUCT_BUNDLE_IDENTIFIER = memo.com.ParstagramUITests;
				PRODUCT_NAME = "$(TARGET_NAME)";
				SWIFT_VERSION = 5.0;
				TARGETED_DEVICE_FAMILY = "1,2";
				TEST_TARGET_NAME = Parstagram;
			};
			name = Release;
		};
/* End XCBuildConfiguration section */

/* Begin XCConfigurationList section */
		3EB3B03726015FEC00BD9A82 /* Build configuration list for PBXProject "Parstagram" */ = {
			isa = XCConfigurationList;
			buildConfigurations = (
				3EB3B06426015FF000BD9A82 /* Debug */,
				3EB3B06526015FF000BD9A82 /* Release */,
			);
			defaultConfigurationIsVisible = 0;
			defaultConfigurationName = Release;
		};
		3EB3B06626015FF000BD9A82 /* Build configuration list for PBXNativeTarget "Parstagram" */ = {
			isa = XCConfigurationList;
			buildConfigurations = (
				3EB3B06726015FF000BD9A82 /* Debug */,
				3EB3B06826015FF000BD9A82 /* Release */,
			);
			defaultConfigurationIsVisible = 0;
			defaultConfigurationName = Release;
		};
		3EB3B06926015FF000BD9A82 /* Build configuration list for PBXNativeTarget "ParstagramTests" */ = {
			isa = XCConfigurationList;
			buildConfigurations = (
				3EB3B06A26015FF000BD9A82 /* Debug */,
				3EB3B06B26015FF000BD9A82 /* Release */,
			);
			defaultConfigurationIsVisible = 0;
			defaultConfigurationName = Release;
		};
		3EB3B06C26015FF000BD9A82 /* Build configuration list for PBXNativeTarget "ParstagramUITests" */ = {
			isa = XCConfigurationList;
			buildConfigurations = (
				3EB3B06D26015FF000BD9A82 /* Debug */,
				3EB3B06E26015FF000BD9A82 /* Release */,
			);
			defaultConfigurationIsVisible = 0;
			defaultConfigurationName = Release;
		};
/* End XCConfigurationList section */
	};
	rootObject = 3EB3B03426015FEC00BD9A82 /* Project object */;
}
